
Microsoft Visual Studio Solution File, Format Version 12.00
# Visual Studio 15
VisualStudioVersion = 15.0.28307.489
MinimumVisualStudioVersion = 10.0.40219.1
Project("{FAE04EC0-301F-11D3-BF4B-00C04F79EFBC}") = "gurpreetDogRace", "gurpreetDogRace\gurpreetDogRace.csproj", "{C8328C6F-4BDD-4A3B-A38D-F932E688C5D1}"
EndProject
Project("{FAE04EC0-301F-11D3-BF4B-00C04F79EFBC}") = "gurpreetDogRaceTests", "gurpreetDogRaceTests\gurpreetDogRaceTests.csproj", "{3831FE02-FC15-4B69-BC24-F67F47097893}"
EndProject
Global
	GlobalSection(SolutionConfigurationPlatforms) = preSolution
		Debug|Any CPU = Debug|Any CPU
		Release|Any CPU = Release|Any CPU
	EndGlobalSection
	GlobalSection(ProjectConfigurationPlatforms) = postSolution
		{C8328C6F-4BDD-4A3B-A38D-F932E688C5D1}.Debug|Any CPU.ActiveCfg = Debug|Any CPU
		{C8328C6F-4BDD-4A3B-A38D-F932E688C5D1}.Debug|Any CPU.Build.0 = Debug|Any CPU
		{C8328C6F-4BDD-4A3B-A38D-F932E688C5D1}.Release|Any CPU.ActiveCfg = Release|Any CPU
		{C8328C6F-4BDD-4A3B-A38D-F932E688C5D1}.Release|Any CPU.Build.0 = Release|Any CPU
		{3831FE02-FC15-4B69-BC24-F67F47097893}.Debug|Any CPU.ActiveCfg = Debug|Any CPU
		{3831FE02-FC15-4B69-BC24-F67F47097893}.Debug|Any CPU.Build.0 = Debug|Any CPU
		{3831FE02-FC15-4B69-BC24-F67F47097893}.Release|Any CPU.ActiveCfg = Release|Any CPU
		{3831FE02-FC15-4B69-BC24-F67F47097893}.Release|Any CPU.Build.0 = Release|Any CPU
	EndGlobalSection
	GlobalSection(SolutionProperties) = preSolution
		HideSolutionNode = FALSE
	EndGlobalSection
	GlobalSection(ExtensibilityGlobals) = postSolution
		SolutionGuid = {E677FB29-B942-4847-93C6-364CC9855717}
	EndGlobalSection
EndGlobal
